
Microsoft Visual Studio Solution File, Format Version 12.00
# Visual Studio Version 17
VisualStudioVersion = 17.14.36202.13 d17.14
MinimumVisualStudioVersion = 10.0.40219.1
Project("{FAE04EC0-301F-11D3-BF4B-00C04F79EFBC}") = "Aliz.API", "Aliz.API\Aliz.API.csproj", "{2D8B1EA0-135E-445B-802D-04D646ABE53C}"
EndProject
Global
	GlobalSection(SolutionConfigurationPlatforms) = preSolution
		Debug|Any CPU = Debug|Any CPU
		Release|Any CPU = Release|Any CPU
	EndGlobalSection
	GlobalSection(ProjectConfigurationPlatforms) = postSolution
		{2D8B1EA0-135E-445B-802D-04D646ABE53C}.Debug|Any CPU.ActiveCfg = Debug|Any CPU
		{2D8B1EA0-135E-445B-802D-04D646ABE53C}.Debug|Any CPU.Build.0 = Debug|Any CPU
		{2D8B1EA0-135E-445B-802D-04D646ABE53C}.Release|Any CPU.ActiveCfg = Release|Any CPU
		{2D8B1EA0-135E-445B-802D-04D646ABE53C}.Release|Any CPU.Build.0 = Release|Any CPU
	EndGlobalSection
	GlobalSection(SolutionProperties) = preSolution
		HideSolutionNode = FALSE
	EndGlobalSection
	GlobalSection(ExtensibilityGlobals) = postSolution
		SolutionGuid = {80481D9E-6B9E-4336-9A8E-97EA962BE8F9}
	EndGlobalSection
EndGlobal
